
Microsoft Visual Studio Solution File, Format Version 12.00
# Visual Studio Version 16
VisualStudioVersion = 16.0.32126.315
MinimumVisualStudioVersion = 10.0.40219.1
Project("{FAE04EC0-301F-11D3-BF4B-00C04F79EFBC}") = "Sabab", "Sabab\Sabab.csproj", "{BD4EEFAC-0938-4F8F-B4BE-E07773C155FB}"
EndProject
Global
	GlobalSection(SolutionConfigurationPlatforms) = preSolution
		Debug|Any CPU = Debug|Any CPU
		Release|Any CPU = Release|Any CPU
	EndGlobalSection
	GlobalSection(ProjectConfigurationPlatforms) = postSolution
		{BD4EEFAC-0938-4F8F-B4BE-E07773C155FB}.Debug|Any CPU.ActiveCfg = Debug|Any CPU
		{BD4EEFAC-0938-4F8F-B4BE-E07773C155FB}.Debug|Any CPU.Build.0 = Debug|Any CPU
		{BD4EEFAC-0938-4F8F-B4BE-E07773C155FB}.Release|Any CPU.ActiveCfg = Release|Any CPU
		{BD4EEFAC-0938-4F8F-B4BE-E07773C155FB}.Release|Any CPU.Build.0 = Release|Any CPU
	EndGlobalSection
	GlobalSection(SolutionProperties) = preSolution
		HideSolutionNode = FALSE
	EndGlobalSection
	GlobalSection(ExtensibilityGlobals) = postSolution
		SolutionGuid = {510218D0-F185-4BB5-9E84-F2A77931F590}
	EndGlobalSection
EndGlobal
